
Microsoft Visual Studio Solution File, Format Version 12.00
# Visual Studio Version 16
VisualStudioVersion = 16.0.31624.102
MinimumVisualStudioVersion = 10.0.40219.1
Project("{FAE04EC0-301F-11D3-BF4B-00C04F79EFBC}") = "SquareLibrary", "SquareLibrary\SquareLibrary.csproj", "{4342FB62-247C-4284-A516-2DDA5FFA11F3}"
EndProject
Project("{FAE04EC0-301F-11D3-BF4B-00C04F79EFBC}") = "AreaUnitTest", "AreaUnitTest\AreaUnitTest.csproj", "{1DE47463-E5A0-48CF-8951-4C7286BABD2A}"
EndProject
Global
	GlobalSection(SolutionConfigurationPlatforms) = preSolution
		Debug|Any CPU = Debug|Any CPU
		Release|Any CPU = Release|Any CPU
	EndGlobalSection
	GlobalSection(ProjectConfigurationPlatforms) = postSolution
		{4342FB62-247C-4284-A516-2DDA5FFA11F3}.Debug|Any CPU.ActiveCfg = Debug|Any CPU
		{4342FB62-247C-4284-A516-2DDA5FFA11F3}.Debug|Any CPU.Build.0 = Debug|Any CPU
		{4342FB62-247C-4284-A516-2DDA5FFA11F3}.Release|Any CPU.ActiveCfg = Release|Any CPU
		{4342FB62-247C-4284-A516-2DDA5FFA11F3}.Release|Any CPU.Build.0 = Release|Any CPU
		{1DE47463-E5A0-48CF-8951-4C7286BABD2A}.Debug|Any CPU.ActiveCfg = Debug|Any CPU
		{1DE47463-E5A0-48CF-8951-4C7286BABD2A}.Debug|Any CPU.Build.0 = Debug|Any CPU
		{1DE47463-E5A0-48CF-8951-4C7286BABD2A}.Release|Any CPU.ActiveCfg = Release|Any CPU
		{1DE47463-E5A0-48CF-8951-4C7286BABD2A}.Release|Any CPU.Build.0 = Release|Any CPU
	EndGlobalSection
	GlobalSection(SolutionProperties) = preSolution
		HideSolutionNode = FALSE
	EndGlobalSection
	GlobalSection(ExtensibilityGlobals) = postSolution
		SolutionGuid = {177D1EB7-ACA8-40DB-9916-56975FCC6FB2}
	EndGlobalSection
EndGlobal
